
Microsoft Visual Studio Solution File, Format Version 12.00
# Visual Studio Version 16
VisualStudioVersion = 16.0.29519.87
MinimumVisualStudioVersion = 10.0.40219.1
Project("{FAE04EC0-301F-11D3-BF4B-00C04F79EFBC}") = "GUI_Hotel", "GUI_Hotel.csproj", "{A92DBE4F-759D-4EBD-A910-E9313F8A0EF8}"
EndProject
Project("{FAE04EC0-301F-11D3-BF4B-00C04F79EFBC}") = "BUS_Hotel", "..\BUS_Hotel\BUS_Hotel.csproj", "{F8EDE780-EEE9-4E41-8843-CA0D818D0C2A}"
EndProject
Project("{FAE04EC0-301F-11D3-BF4B-00C04F79EFBC}") = "DAL_Hotel", "..\DAL_Hotel\DAL_Hotel.csproj", "{C112B95E-7892-4E6B-A52F-A050B58170DD}"
EndProject
Project("{FAE04EC0-301F-11D3-BF4B-00C04F79EFBC}") = "DTO_Hotel", "..\DTO_Hotel\DTO_Hotel.csproj", "{291D8102-2D00-42ED-8BAE-98D6CA4B86D4}"
EndProject
Global
	GlobalSection(SolutionConfigurationPlatforms) = preSolution
		Debug|Any CPU = Debug|Any CPU
		Release|Any CPU = Release|Any CPU
	EndGlobalSection
	GlobalSection(ProjectConfigurationPlatforms) = postSolution
		{A92DBE4F-759D-4EBD-A910-E9313F8A0EF8}.Debug|Any CPU.ActiveCfg = Debug|Any CPU
		{A92DBE4F-759D-4EBD-A910-E9313F8A0EF8}.Debug|Any CPU.Build.0 = Debug|Any CPU
		{A92DBE4F-759D-4EBD-A910-E9313F8A0EF8}.Release|Any CPU.ActiveCfg = Release|Any CPU
		{A92DBE4F-759D-4EBD-A910-E9313F8A0EF8}.Release|Any CPU.Build.0 = Release|Any CPU
		{F8EDE780-EEE9-4E41-8843-CA0D818D0C2A}.Debug|Any CPU.ActiveCfg = Debug|Any CPU
		{F8EDE780-EEE9-4E41-8843-CA0D818D0C2A}.Debug|Any CPU.Build.0 = Debug|Any CPU
		{F8EDE780-EEE9-4E41-8843-CA0D818D0C2A}.Release|Any CPU.ActiveCfg = Release|Any CPU
		{F8EDE780-EEE9-4E41-8843-CA0D818D0C2A}.Release|Any CPU.Build.0 = Release|Any CPU
		{C112B95E-7892-4E6B-A52F-A050B58170DD}.Debug|Any CPU.ActiveCfg = Debug|Any CPU
		{C112B95E-7892-4E6B-A52F-A050B58170DD}.Debug|Any CPU.Build.0 = Debug|Any CPU
		{C112B95E-7892-4E6B-A52F-A050B58170DD}.Release|Any CPU.ActiveCfg = Release|Any CPU
		{C112B95E-7892-4E6B-A52F-A050B58170DD}.Release|Any CPU.Build.0 = Release|Any CPU
		{291D8102-2D00-42ED-8BAE-98D6CA4B86D4}.Debug|Any CPU.ActiveCfg = Debug|Any CPU
		{291D8102-2D00-42ED-8BAE-98D6CA4B86D4}.Debug|Any CPU.Build.0 = Debug|Any CPU
		{291D8102-2D00-42ED-8BAE-98D6CA4B86D4}.Release|Any CPU.ActiveCfg = Release|Any CPU
		{291D8102-2D00-42ED-8BAE-98D6CA4B86D4}.Release|Any CPU.Build.0 = Release|Any CPU
	EndGlobalSection
	GlobalSection(SolutionProperties) = preSolution
		HideSolutionNode = FALSE
	EndGlobalSection
	GlobalSection(ExtensibilityGlobals) = postSolution
		SolutionGuid = {C2511EBA-5B91-4244-A324-E63851D78145}
	EndGlobalSection
EndGlobal
